
Microsoft Visual Studio Solution File, Format Version 12.00
# Visual Studio Version 17
VisualStudioVersion = 17.1.32328.378
MinimumVisualStudioVersion = 10.0.40219.1
Project("{9A19103F-16F7-4668-BE54-9A1E7A4F7556}") = "Kerry_Challenge", "Kerry_Challenge\Kerry_Challenge.csproj", "{A92A5E42-D22F-4FC1-B14E-67378B972028}"
EndProject
Global
	GlobalSection(SolutionConfigurationPlatforms) = preSolution
		Debug|Any CPU = Debug|Any CPU
		Release|Any CPU = Release|Any CPU
	EndGlobalSection
	GlobalSection(ProjectConfigurationPlatforms) = postSolution
		{A92A5E42-D22F-4FC1-B14E-67378B972028}.Debug|Any CPU.ActiveCfg = Debug|Any CPU
		{A92A5E42-D22F-4FC1-B14E-67378B972028}.Debug|Any CPU.Build.0 = Debug|Any CPU
		{A92A5E42-D22F-4FC1-B14E-67378B972028}.Release|Any CPU.ActiveCfg = Release|Any CPU
		{A92A5E42-D22F-4FC1-B14E-67378B972028}.Release|Any CPU.Build.0 = Release|Any CPU
	EndGlobalSection
	GlobalSection(SolutionProperties) = preSolution
		HideSolutionNode = FALSE
	EndGlobalSection
	GlobalSection(ExtensibilityGlobals) = postSolution
		SolutionGuid = {715CCA5C-8BF5-4B77-8E25-513B065D5657}
	EndGlobalSection
EndGlobal
